// !$*UTF8*$!
{
	archiveVersion = 1;
	classes = {
	};
	objectVersion = 46;
	objects = {

/* Begin PBXBuildFile section */
		CDDF320C1C5D6E8A0075DD9B /* AppDelegate.swift in Sources */ = {isa = PBXBuildFile; fileRef = CDDF320B1C5D6E8A0075DD9B /* AppDelegate.swift */; };
		CDDF320E1C5D6E8A0075DD9B /* ViewController.swift in Sources */ = {isa = PBXBuildFile; fileRef = CDDF320D1C5D6E8A0075DD9B /* ViewController.swift */; };
		CDDF32111C5D6E8A0075DD9B /* Main.storyboard in Resources */ = {isa = PBXBuildFile; fileRef = CDDF320F1C5D6E8A0075DD9B /* Main.storyboard */; };
		CDDF32131C5D6E8A0075DD9B /* Assets.xcassets in Resources */ = {isa = PBXBuildFile; fileRef = CDDF32121C5D6E8A0075DD9B /* Assets.xcassets */; };
		CDDF32161C5D6E8A0075DD9B /* LaunchScreen.storyboard in Resources */ = {isa = PBXBuildFile; fileRef = CDDF32141C5D6E8A0075DD9B /* LaunchScreen.storyboard */; };
/* End PBXBuildFile section */

/* Begin PBXFileReference section */
		CDDF32081C5D6E8A0075DD9B /* MovieViewer.app */ = {isa = PBXFileReference; explicitFileType = wrapper.application; includeInIndex = 0; path = MovieViewer.app; sourceTree = BUILT_PRODUCTS_DIR; };
		CDDF320B1C5D6E8A0075DD9B /* AppDelegate.swift */ = {isa = PBXFileReference; lastKnownFileType = sourcecode.swift; path = AppDelegate.swift; sourceTree = "<group>"; };
		CDDF320D1C5D6E8A0075DD9B /* ViewController.swift */ = {isa = PBXFileReference; lastKnownFileType = sourcecode.swift; path = ViewController.swift; sourceTree = "<group>"; };
		CDDF32101C5D6E8A0075DD9B /* Base */ = {isa = PBXFileReference; lastKnownFileType = file.storyboard; name = Base; path = Base.lproj/Main.storyboard; sourceTree = "<group>"; };
		CDDF32121C5D6E8A0075DD9B /* Assets.xcassets */ = {isa = PBXFileReference; lastKnownFileType = folder.assetcatalog; path = Assets.xcassets; sourceTree = "<group>"; };
		CDDF32151C5D6E8A0075DD9B /* Base */ = {isa = PBXFileReference; lastKnownFileType = file.storyboard; name = Base; path = Base.lproj/LaunchScreen.storyboard; sourceTree = "<group>"; };
		CDDF32171C5D6E8A0075DD9B /* Info.plist */ = {isa = PBXFileReference; lastKnownFileType = text.plist.xml; path = Info.plist; sourceTree = "<group>"; };
/* End PBXFileReference section */

/* Begin PBXFrameworksBuildPhase section */
		CDDF32051C5D6E8A0075DD9B /* Frameworks */ = {
			isa = PBXFrameworksBuildPhase;
			buildActionMask = 2147483647;
			files = (
			);
			runOnlyForDeploymentPostprocessing = 0;
		};
/* End PBXFrameworksBuildPhase section */

/* Begin PBXGroup section */
		CDDF31FF1C5D6E8A0075DD9B = {
			isa = PBXGroup;
			children = (
				CDDF320A1C5D6E8A0075DD9B /* MovieViewer */,
				CDDF32091C5D6E8A0075DD9B /* Products */,
			);
			sourceTree = "<group>";
		};
		CDDF32091C5D6E8A0075DD9B /* Products */ = {
			isa = PBXGroup;
			children = (
				CDDF32081C5D6E8A0075DD9B /* MovieViewer.app */,
			);
			name = Products;
			sourceTree = "<group>";
		};
		CDDF320A1C5D6E8A0075DD9B /* MovieViewer */ = {
			isa = PBXGroup;
			children = (
				CDDF320B1C5D6E8A0075DD9B /* AppDelegate.swift */,
				CDDF320D1C5D6E8A0075DD9B /* ViewController.swift */,
				CDDF320F1C5D6E8A0075DD9B /* Main.storyboard */,
				CDDF32121C5D6E8A0075DD9B /* Assets.xcassets */,
				CDDF32141C5D6E8A0075DD9B /* LaunchScreen.storyboard */,
				CDDF32171C5D6E8A0075DD9B /* Info.plist */,
			);
			path = MovieViewer;
			sourceTree = "<group>";
		};
/* End PBXGroup section */

/* Begin PBXNativeTarget section */
		CDDF32071C5D6E8A0075DD9B /* MovieViewer */ = {
			isa = PBXNativeTarget;
			buildConfigurationList = CDDF321A1C5D6E8A0075DD9B /* Build configuration list for PBXNativeTarget "MovieViewer" */;
			buildPhases = (
				CDDF32041C5D6E8A0075DD9B /* Sources */,
				CDDF32051C5D6E8A0075DD9B /* Frameworks */,
				CDDF32061C5D6E8A0075DD9B /* Resources */,
			);
			buildRules = (
			);
			dependencies = (
			);
			name = MovieViewer;
			productName = MovieViewer;
			productReference = CDDF32081C5D6E8A0075DD9B /* MovieViewer.app */;
			productType = "com.apple.product-type.application";
		};
/* End PBXNativeTarget section */

/* Begin PBXProject section */
		CDDF32001C5D6E8A0075DD9B /* Project object */ = {
			isa = PBXProject;
			attributes = {
				LastSwiftUpdateCheck = 0720;
				LastUpgradeCheck = 0720;
				ORGANIZATIONNAME = "Akhila Murella";
				TargetAttributes = {
					CDDF32071C5D6E8A0075DD9B = {
						CreatedOnToolsVersion = 7.2;
					};
				};
			};
			buildConfigurationList = CDDF32031C5D6E8A0075DD9B /* Build configuration list for PBXProject "MovieViewer" */;
			compatibilityVersion = "Xcode 3.2";
			developmentRegion = English;
			hasScannedForEncodings = 0;
			knownRegions = (
				en,
				Base,
			);
			mainGroup = CDDF31FF1C5D6E8A0075DD9B;
			productRefGroup = CDDF32091C5D6E8A0075DD9B /* Products */;
			projectDirPath = "";
			projectRoot = "";
			targets = (
				CDDF32071C5D6E8A0075DD9B /* MovieViewer */,
			);
		};
/* End PBXProject section */

/* Begin PBXResourcesBuildPhase section */
		CDDF32061C5D6E8A0075DD9B /* Resources */ = {
			isa = PBXResourcesBuildPhase;
			buildActionMask = 2147483647;
			files = (
				CDDF32161C5D6E8A0075DD9B /* LaunchScreen.storyboard in Resources */,
				CDDF32131C5D6E8A0075DD9B /* Assets.xcassets in Resources */,
				CDDF32111C5D6E8A0075DD9B /* Main.storyboard in Resources */,
			);
			runOnlyForDeploymentPostprocessing = 0;
		};
/* End PBXResourcesBuildPhase section */

/* Begin PBXSourcesBuildPhase section */
		CDDF32041C5D6E8A0075DD9B /* Sources */ = {
			isa = PBXSourcesBuildPhase;
			buildActionMask = 2147483647;
			files = (
				CDDF320E1C5D6E8A0075DD9B /* ViewController.swift in Sources */,
				CDDF320C1C5D6E8A0075DD9B /* AppDelegate.swift in Sources */,
			);
			runOnlyForDeploymentPostprocessing = 0;
		};
/* End PBXSourcesBuildPhase section */

/* Begin PBXVariantGroup section */
		CDDF320F1C5D6E8A0075DD9B /* Main.storyboard */ = {
			isa = PBXVariantGroup;
			children = (
				CDDF32101C5D6E8A0075DD9B /* Base */,
			);
			name = Main.storyboard;
			sourceTree = "<group>";
		};
		CDDF32141C5D6E8A0075DD9B /* LaunchScreen.storyboard */ = {
			isa = PBXVariantGroup;
			children = (
				CDDF32151C5D6E8A0075DD9B /* Base */,
			);
			name = LaunchScreen.storyboard;
			sourceTree = "<group>";
		};
/* End PBXVariantGroup section */

/* Begin XCBuildConfiguration section */
		CDDF32181C5D6E8A0075DD9B /* Debug */ = {
			isa = XCBuildConfiguration;
			buildSettings = {
				ALWAYS_SEARCH_USER_PATHS = NO;
				CLANG_CXX_LANGUAGE_STANDARD = "gnu++0x";
				CLANG_CXX_LIBRARY = "libc++";
				CLANG_ENABLE_MODULES = YES;
				CLANG_ENABLE_OBJC_ARC = YES;
				CLANG_WARN_BOOL_CONVERSION = YES;
				CLANG_WARN_CONSTANT_CONVERSION = YES;
				CLANG_WARN_DIRECT_OBJC_ISA_USAGE = YES_ERROR;
				CLANG_WARN_EMPTY_BODY = YES;
				CLANG_WARN_ENUM_CONVERSION = YES;
				CLANG_WARN_INT_CONVERSION = YES;
				CLANG_WARN_OBJC_ROOT_CLASS = YES_ERROR;
				CLANG_WARN_UNREACHABLE_CODE = YES;
				CLANG_WARN__DUPLICATE_METHOD_MATCH = YES;
				"CODE_SIGN_IDENTITY[sdk=iphoneos*]" = "iPhone Developer";
				COPY_PHASE_STRIP = NO;
				DEBUG_INFORMATION_FORMAT = dwarf;
				ENABLE_STRICT_OBJC_MSGSEND = YES;
				ENABLE_TESTABILITY = YES;
				GCC_C_LANGUAGE_STANDARD = gnu99;
				GCC_DYNAMIC_NO_PIC = NO;
				GCC_NO_COMMON_BLOCKS = YES;
				GCC_OPTIMIZATION_LEVEL = 0;
				GCC_PREPROCESSOR_DEFINITIONS = (
					"DEBUG=1",
					"$(inherited)",
				);
				GCC_WARN_64_TO_32_BIT_CONVERSION = YES;
				GCC_WARN_ABOUT_RETURN_TYPE = YES_ERROR;
				GCC_WARN_UNDECLARED_SELECTOR = YES;
				GCC_WARN_UNINITIALIZED_AUTOS = YES_AGGRESSIVE;
				GCC_WARN_UNUSED_FUNCTION = YES;
				GCC_WARN_UNUSED_VARIABLE = YES;
				IPHONEOS_DEPLOYMENT_TARGET = 9.2;
				MTL_ENABLE_DEBUG_INFO = YES;
				ONLY_ACTIVE_ARCH = YES;
				SDKROOT = iphoneos;
				SWIFT_OPTIMIZATION_LEVEL = "-Onone";
				TARGETED_DEVICE_FAMILY = "1,2";
			};
			name = Debug;
		};
		CDDF32191C5D6E8A0075DD9B /* Release */ = {
			isa = XCBuildConfiguration;
			buildSettings = {
				ALWAYS_SEARCH_USER_PATHS = NO;
				CLANG_CXX_LANGUAGE_STANDARD = "gnu++0x";
				CLANG_CXX_LIBRARY = "libc++";
				CLANG_ENABLE_MODULES = YES;
				CLANG_ENABLE_OBJC_ARC = YES;
				CLANG_WARN_BOOL_CONVERSION = YES;
				CLANG_WARN_CONSTANT_CONVERSION = YES;
				CLANG_WARN_DIRECT_OBJC_ISA_USAGE = YES_ERROR;
				CLANG_WARN_EMPTY_BODY = YES;
				CLANG_WARN_ENUM_CONVERSION = YES;
				CLANG_WARN_INT_CONVERSION = YES;
				CLANG_WARN_OBJC_ROOT_CLASS = YES_ERROR;
				CLANG_WARN_UNREACHABLE_CODE = YES;
				CLANG_WARN__DUPLICATE_METHOD_MATCH = YES;
				"CODE_SIGN_IDENTITY[sdk=iphoneos*]" = "iPhone Developer";
				COPY_PHASE_STRIP = NO;
				DEBUG_INFORMATION_FORMAT = "dwarf-with-dsym";
				ENABLE_NS_ASSERTIONS = NO;
				ENABLE_STRICT_OBJC_MSGSEND = YES;
				GCC_C_LANGUAGE_STANDARD = gnu99;
				GCC_NO_COMMON_BLOCKS = YES;
				GCC_WARN_64_TO_32_BIT_CONVERSION = YES;
				GCC_WARN_ABOUT_RETURN_TYPE = YES_ERROR;
				GCC_WARN_UNDECLARED_SELECTOR = YES;
				GCC_WARN_UNINITIALIZED_AUTOS = YES_AGGRESSIVE;
				GCC_WARN_UNUSED_FUNCTION = YES;
				GCC_WARN_UNUSED_VARIABLE = YES;
				IPHONEOS_DEPLOYMENT_TARGET = 9.2;
				MTL_ENABLE_DEBUG_INFO = NO;
				SDKROOT = iphoneos;
				TARGETED_DEVICE_FAMILY = "1,2";
				VALIDATE_PRODUCT = YES;
			};
			name = Release;
		};
		CDDF321B1C5D6E8A0075DD9B /* Debug */ = {
			isa = XCBuildConfiguration;
			buildSettings = {
				ASSETCATALOG_COMPILER_APPICON_NAME = AppIcon;
				INFOPLIST_FILE = MovieViewer/Info.plist;
				LD_RUNPATH_SEARCH_PATHS = "$(inherited) @executable_path/Frameworks";
				PRODUCT_BUNDLE_IDENTIFIER = com.amurella.MovieViewer;
				PRODUCT_NAME = "$(TARGET_NAME)";
			};
			name = Debug;
		};
		CDDF321C1C5D6E8A0075DD9B /* Release */ = {
			isa = XCBuildConfiguration;
			buildSettings = {
				ASSETCATALOG_COMPILER_APPICON_NAME = AppIcon;
				INFOPLIST_FILE = MovieViewer/Info.plist;
				LD_RUNPATH_SEARCH_PATHS = "$(inherited) @executable_path/Frameworks";
				PRODUCT_BUNDLE_IDENTIFIER = com.amurella.MovieViewer;
				PRODUCT_NAME = "$(TARGET_NAME)";
			};
			name = Release;
		};
/* End XCBuildConfiguration section */

/* Begin XCConfigurationList section */
		CDDF32031C5D6E8A0075DD9B /* Build configuration list for PBXProject "MovieViewer" */ = {
			isa = XCConfigurationList;
			buildConfigurations = (
				CDDF32181C5D6E8A0075DD9B /* Debug */,
				CDDF32191C5D6E8A0075DD9B /* Release */,
			);
			defaultConfigurationIsVisible = 0;
			defaultConfigurationName = Release;
		};
		CDDF321A1C5D6E8A0075DD9B /* Build configuration list for PBXNativeTarget "MovieViewer" */ = {
			isa = XCConfigurationList;
			buildConfigurations = (
				CDDF321B1C5D6E8A0075DD9B /* Debug */,
				CDDF321C1C5D6E8A0075DD9B /* Release */,
			);
			defaultConfigurationIsVisible = 0;
		};
/* End XCConfigurationList section */
	};
	rootObject = CDDF32001C5D6E8A0075DD9B /* Project object */;
}
